
Microsoft Visual Studio Solution File, Format Version 12.00
# Visual Studio Version 17
VisualStudioVersion = 17.9.34728.123
MinimumVisualStudioVersion = 10.0.40219.1
Project("{FAE04EC0-301F-11D3-BF4B-00C04F79EFBC}") = "FINSServer", "FINSServer\FINSServer.csproj", "{A0E3D7E2-9CD3-44CF-AF1A-856D80002820}"
EndProject
Global
	GlobalSection(SolutionConfigurationPlatforms) = preSolution
		Debug|Any CPU = Debug|Any CPU
		Release|Any CPU = Release|Any CPU
	EndGlobalSection
	GlobalSection(ProjectConfigurationPlatforms) = postSolution
		{A0E3D7E2-9CD3-44CF-AF1A-856D80002820}.Debug|Any CPU.ActiveCfg = Debug|Any CPU
		{A0E3D7E2-9CD3-44CF-AF1A-856D80002820}.Debug|Any CPU.Build.0 = Debug|Any CPU
		{A0E3D7E2-9CD3-44CF-AF1A-856D80002820}.Release|Any CPU.ActiveCfg = Release|Any CPU
		{A0E3D7E2-9CD3-44CF-AF1A-856D80002820}.Release|Any CPU.Build.0 = Release|Any CPU
	EndGlobalSection
	GlobalSection(SolutionProperties) = preSolution
		HideSolutionNode = FALSE
	EndGlobalSection
	GlobalSection(ExtensibilityGlobals) = postSolution
		SolutionGuid = {7804B275-B7FE-4DD8-9F82-1714A466F2DA}
	EndGlobalSection
EndGlobal
